<?xml version="1.0" encoding="utf-8"?>
<Project ToolsVersion="4.0" xmlns="http://schemas.microsoft.com/developer/msbuild/2003">
  <ItemGroup>
    <ClCompile Include="src\AI.cpp" />
    <ClCompile Include="src\Animation.cpp" />
    <ClCompile Include="src\Bullet.cpp" />
    <ClCompile Include="src\Camera.cpp" />
    <ClCompile Include="src\Client\Client.cpp" />
    <ClCompile Include="src\Components\AIComponent.cpp" />
    <ClCompile Include="src\Components\FactoryComponent.cpp" />
    <ClCompile Include="src\Components\SpriteComponent.cpp" />
    <ClCompile Include="src\Game.cpp" />
    <ClCompile Include="src\Gun.cpp" />
    <ClCompile Include="src\Hand.cpp" />
    <ClCompile Include="src\Light.cpp" />
    <ClCompile Include="src\main.cpp" />
    <ClCompile Include="src\MapLoader.cpp" />
    <ClCompile Include="src\Menus\CreditScreen.cpp" />
    <ClCompile Include="src\Menus\MenuScreen.cpp" />
    <ClCompile Include="src\Menus\OnlineScreen.cpp" />
    <ClCompile Include="src\Menus\OptionScreen.cpp" />
    <ClCompile Include="src\Menus\playScreen.cpp" />
    <ClCompile Include="src\Menus\SplashScreen.cpp" />
    <ClCompile Include="src\ObserverPattern\AudioObserver.cpp" />
    <ClCompile Include="src\ParticleExample.cpp" />
    <ClCompile Include="src\ParticleSystem.cpp" />
    <ClCompile Include="src\Player.cpp" />
    <ClCompile Include="src\States\Attack.cpp" />
    <ClCompile Include="src\States\Dead.cpp" />
    <ClCompile Include="src\States\Idle.cpp" />
    <ClCompile Include="src\States\SearchEntity.cpp" />
    <ClCompile Include="src\States\SearchGun.cpp" />
    <ClCompile Include="src\Systems\AISystem.cpp" />
    <ClCompile Include="src\Systems\AnimationsSystem.cpp" />
    <ClCompile Include="src\Systems\CollisionSystem.cpp" />
    <ClCompile Include="src\Systems\ControlSystem.cpp" />
    <ClCompile Include="src\Systems\GrenadeSystem.cpp" />
    <ClCompile Include="src\Systems\GunSystem.cpp" />
    <ClCompile Include="src\Systems\HealthSystem.cpp" />
    <ClCompile Include="src\Systems\NetworkSystem.cpp" />
    <ClCompile Include="src\Systems\PhysicsSystem.cpp" />
    <ClCompile Include="src\Systems\RenderSystem.cpp" />
    <ClCompile Include="src\Systems\RestartSystem.cpp" />
    <ClCompile Include="src\Systems\SoundSystem.cpp" />
  </ItemGroup>
  <ItemGroup>
    <ClInclude Include="Factory.h" />
    <ClInclude Include="src\AI.h" />
    <ClInclude Include="src\Animation.h" />
    <ClInclude Include="src\Camera.h" />
    <ClInclude Include="src\Client\Client.h" />
    <ClInclude Include="src\Client\Packet.h" />
    <ClInclude Include="src\Components\AIComponent.h" />
    <ClInclude Include="src\Components\CollisionComponent.h" />
    <ClInclude Include="src\Components\Component.h" />
    <ClInclude Include="src\Components\ControlComponent.h" />
    <ClInclude Include="src\Components\DisplayComponent.h" />
    <ClInclude Include="src\Components\FactoryComponent.h" />
    <ClInclude Include="src\Components\GrenadeComponent.h" />
    <ClInclude Include="src\Components\GunComponent.h" />
    <ClInclude Include="src\Components\RayCastComponent.h" />
    <ClInclude Include="src\Components\SoundComponent.h" />
    <ClInclude Include="src\Components\SpriteComponent.h" />
    <ClInclude Include="src\Components\HealthComponents.h" />
    <ClInclude Include="src\Components\PositionComponent.h" />
    <ClInclude Include="src\Components\StateComponent.h" />
    <ClInclude Include="src\Components\TagComponent.h" />
    <ClInclude Include="src\cute_c2.h" />
    <ClInclude Include="src\Entity.h" />
    <ClInclude Include="src\Factory.h" />
    <ClInclude Include="src\Game.h" />
    <ClInclude Include="src\GUI\GUI.h" />
    <ClInclude Include="src\Hand.h" />
    <ClInclude Include="src\Light.h" />
    <ClInclude Include="src\MapLoader.h" />
    <ClInclude Include="src\Menus\CreditScreen.h" />
    <ClInclude Include="src\Menus\MenuScreen.h" />
    <ClInclude Include="src\Menus\OnlineScreen.h" />
    <ClInclude Include="src\Menus\OptionScreen.h" />
    <ClInclude Include="src\Menus\playScreen.h" />
    <ClInclude Include="src\Menus\SplashScreen.h" />
    <ClInclude Include="src\Gun.h" />
    <ClInclude Include="src\ObserverPattern\AudioObserver.h" />
    <ClInclude Include="src\ObserverPattern\Observer.h" />
    <ClInclude Include="src\ObserverPattern\Subject.h" />
    <ClInclude Include="src\ParticleExample.h" />
    <ClInclude Include="src\Menus\State.h" />
    <ClInclude Include="src\ParticleSystem.h" />
    <ClInclude Include="src\Player.h" />
    <ClInclude Include="src\States\Attack.h" />
    <ClInclude Include="src\States\Dead.h" />
    <ClInclude Include="src\States\Idle.h" />
    <ClInclude Include="src\States\SearchEntity.h" />
    <ClInclude Include="src\States\SearchGun.h" />
    <ClInclude Include="src\Systems\AISystem.h" />
    <ClInclude Include="src\Systems\AnimationsSystem.h" />
    <ClInclude Include="src\Systems\CollisionSystem.h" />
    <ClInclude Include="src\Systems\ControlSystem.h" />
    <ClInclude Include="src\Systems\GrenadeSystem.h" />
    <ClInclude Include="src\Systems\GunSystem.h" />
    <ClInclude Include="src\Systems\HealthSystem.h" />
    <ClInclude Include="src\Systems\NetworkSystem.h" />
    <ClInclude Include="src\Systems\PhysicsSystem.h" />
    <ClInclude Include="src\Systems\RenderSystem.h" />
    <ClInclude Include="src\Systems\RestartSystem.h" />
    <ClInclude Include="src\Systems\SoundSystem.h" />
  </ItemGroup>
</Project>